// !$*UTF8*$!
{
	archiveVersion = 1;
	classes = {
	};
	objectVersion = 46;
	objects = {

/* Begin PBXBuildFile section */
		37187F6E1CE3A2B000B5AA1E /* AppDelegate.swift in Sources */ = {isa = PBXBuildFile; fileRef = 37187F6D1CE3A2B000B5AA1E /* AppDelegate.swift */; };
		37187F701CE3A2B000B5AA1E /* ViewController.swift in Sources */ = {isa = PBXBuildFile; fileRef = 37187F6F1CE3A2B000B5AA1E /* ViewController.swift */; };
		37187F731CE3A2B000B5AA1E /* Main.storyboard in Resources */ = {isa = PBXBuildFile; fileRef = 37187F711CE3A2B000B5AA1E /* Main.storyboard */; };
		37187F751CE3A2B000B5AA1E /* Assets.xcassets in Resources */ = {isa = PBXBuildFile; fileRef = 37187F741CE3A2B000B5AA1E /* Assets.xcassets */; };
		37187F781CE3A2B000B5AA1E /* LaunchScreen.storyboard in Resources */ = {isa = PBXBuildFile; fileRef = 37187F761CE3A2B000B5AA1E /* LaunchScreen.storyboard */; };
		37187F831CE3A2B000B5AA1E /* Choose_LunchTests.swift in Sources */ = {isa = PBXBuildFile; fileRef = 37187F821CE3A2B000B5AA1E /* Choose_LunchTests.swift */; };
/* End PBXBuildFile section */

/* Begin PBXContainerItemProxy section */
		37187F7F1CE3A2B000B5AA1E /* PBXContainerItemProxy */ = {
			isa = PBXContainerItemProxy;
			containerPortal = 37187F621CE3A2B000B5AA1E /* Project object */;
			proxyType = 1;
			remoteGlobalIDString = 37187F691CE3A2B000B5AA1E;
			remoteInfo = "Choose-Lunch";
		};
/* End PBXContainerItemProxy section */

/* Begin PBXFileReference section */
		37187F6A1CE3A2B000B5AA1E /* Choose-Lunch.app */ = {isa = PBXFileReference; explicitFileType = wrapper.application; includeInIndex = 0; path = "Choose-Lunch.app"; sourceTree = BUILT_PRODUCTS_DIR; };
		37187F6D1CE3A2B000B5AA1E /* AppDelegate.swift */ = {isa = PBXFileReference; lastKnownFileType = sourcecode.swift; path = AppDelegate.swift; sourceTree = "<group>"; };
		37187F6F1CE3A2B000B5AA1E /* ViewController.swift */ = {isa = PBXFileReference; lastKnownFileType = sourcecode.swift; path = ViewController.swift; sourceTree = "<group>"; };
		37187F721CE3A2B000B5AA1E /* Base */ = {isa = PBXFileReference; lastKnownFileType = file.storyboard; name = Base; path = Base.lproj/Main.storyboard; sourceTree = "<group>"; };
		37187F741CE3A2B000B5AA1E /* Assets.xcassets */ = {isa = PBXFileReference; lastKnownFileType = folder.assetcatalog; path = Assets.xcassets; sourceTree = "<group>"; };
		37187F771CE3A2B000B5AA1E /* Base */ = {isa = PBXFileReference; lastKnownFileType = file.storyboard; name = Base; path = Base.lproj/LaunchScreen.storyboard; sourceTree = "<group>"; };
		37187F791CE3A2B000B5AA1E /* Info.plist */ = {isa = PBXFileReference; lastKnownFileType = text.plist.xml; path = Info.plist; sourceTree = "<group>"; };
		37187F7E1CE3A2B000B5AA1E /* Choose-LunchTests.xctest */ = {isa = PBXFileReference; explicitFileType = wrapper.cfbundle; includeInIndex = 0; path = "Choose-LunchTests.xctest"; sourceTree = BUILT_PRODUCTS_DIR; };
		37187F821CE3A2B000B5AA1E /* Choose_LunchTests.swift */ = {isa = PBXFileReference; lastKnownFileType = sourcecode.swift; path = Choose_LunchTests.swift; sourceTree = "<group>"; };
		37187F841CE3A2B000B5AA1E /* Info.plist */ = {isa = PBXFileReference; lastKnownFileType = text.plist.xml; path = Info.plist; sourceTree = "<group>"; };
/* End PBXFileReference section */

/* Begin PBXFrameworksBuildPhase section */
		37187F671CE3A2B000B5AA1E /* Frameworks */ = {
			isa = PBXFrameworksBuildPhase;
			buildActionMask = 2147483647;
			files = (
			);
			runOnlyForDeploymentPostprocessing = 0;
		};
		37187F7B1CE3A2B000B5AA1E /* Frameworks */ = {
			isa = PBXFrameworksBuildPhase;
			buildActionMask = 2147483647;
			files = (
			);
			runOnlyForDeploymentPostprocessing = 0;
		};
/* End PBXFrameworksBuildPhase section */

/* Begin PBXGroup section */
		37187F611CE3A2B000B5AA1E = {
			isa = PBXGroup;
			children = (
				37187F6C1CE3A2B000B5AA1E /* Choose-Lunch */,
				37187F811CE3A2B000B5AA1E /* Choose-LunchTests */,
				37187F6B1CE3A2B000B5AA1E /* Products */,
			);
			sourceTree = "<group>";
		};
		37187F6B1CE3A2B000B5AA1E /* Products */ = {
			isa = PBXGroup;
			children = (
				37187F6A1CE3A2B000B5AA1E /* Choose-Lunch.app */,
				37187F7E1CE3A2B000B5AA1E /* Choose-LunchTests.xctest */,
			);
			name = Products;
			sourceTree = "<group>";
		};
		37187F6C1CE3A2B000B5AA1E /* Choose-Lunch */ = {
			isa = PBXGroup;
			children = (
				37187F6D1CE3A2B000B5AA1E /* AppDelegate.swift */,
				37187F6F1CE3A2B000B5AA1E /* ViewController.swift */,
				37187F711CE3A2B000B5AA1E /* Main.storyboard */,
				37187F741CE3A2B000B5AA1E /* Assets.xcassets */,
				37187F761CE3A2B000B5AA1E /* LaunchScreen.storyboard */,
				37187F791CE3A2B000B5AA1E /* Info.plist */,
			);
			path = "Choose-Lunch";
			sourceTree = "<group>";
		};
		37187F811CE3A2B000B5AA1E /* Choose-LunchTests */ = {
			isa = PBXGroup;
			children = (
				37187F821CE3A2B000B5AA1E /* Choose_LunchTests.swift */,
				37187F841CE3A2B000B5AA1E /* Info.plist */,
			);
			path = "Choose-LunchTests";
			sourceTree = "<group>";
		};
/* End PBXGroup section */

/* Begin PBXNativeTarget section */
		37187F691CE3A2B000B5AA1E /* Choose-Lunch */ = {
			isa = PBXNativeTarget;
			buildConfigurationList = 37187F871CE3A2B000B5AA1E /* Build configuration list for PBXNativeTarget "Choose-Lunch" */;
			buildPhases = (
				37187F661CE3A2B000B5AA1E /* Sources */,
				37187F671CE3A2B000B5AA1E /* Frameworks */,
				37187F681CE3A2B000B5AA1E /* Resources */,
			);
			buildRules = (
			);
			dependencies = (
			);
			name = "Choose-Lunch";
			productName = "Choose-Lunch";
			productReference = 37187F6A1CE3A2B000B5AA1E /* Choose-Lunch.app */;
			productType = "com.apple.product-type.application";
		};
		37187F7D1CE3A2B000B5AA1E /* Choose-LunchTests */ = {
			isa = PBXNativeTarget;
			buildConfigurationList = 37187F8A1CE3A2B000B5AA1E /* Build configuration list for PBXNativeTarget "Choose-LunchTests" */;
			buildPhases = (
				37187F7A1CE3A2B000B5AA1E /* Sources */,
				37187F7B1CE3A2B000B5AA1E /* Frameworks */,
				37187F7C1CE3A2B000B5AA1E /* Resources */,
			);
			buildRules = (
			);
			dependencies = (
				37187F801CE3A2B000B5AA1E /* PBXTargetDependency */,
			);
			name = "Choose-LunchTests";
			productName = "Choose-LunchTests";
			productReference = 37187F7E1CE3A2B000B5AA1E /* Choose-LunchTests.xctest */;
			productType = "com.apple.product-type.bundle.unit-test";
		};
/* End PBXNativeTarget section */

/* Begin PBXProject section */
		37187F621CE3A2B000B5AA1E /* Project object */ = {
			isa = PBXProject;
			attributes = {
				LastSwiftUpdateCheck = 0730;
				LastUpgradeCheck = 0730;
				ORGANIZATIONNAME = "Jamie Haughton";
				TargetAttributes = {
					37187F691CE3A2B000B5AA1E = {
						CreatedOnToolsVersion = 7.3.1;
						DevelopmentTeam = ZTR9R33RL8;
					};
					37187F7D1CE3A2B000B5AA1E = {
						CreatedOnToolsVersion = 7.3.1;
						DevelopmentTeam = ZTR9R33RL8;
						TestTargetID = 37187F691CE3A2B000B5AA1E;
					};
				};
			};
			buildConfigurationList = 37187F651CE3A2B000B5AA1E /* Build configuration list for PBXProject "Choose-Lunch" */;
			compatibilityVersion = "Xcode 3.2";
			developmentRegion = English;
			hasScannedForEncodings = 0;
			knownRegions = (
				en,
				Base,
			);
			mainGroup = 37187F611CE3A2B000B5AA1E;
			productRefGroup = 37187F6B1CE3A2B000B5AA1E /* Products */;
			projectDirPath = "";
			projectRoot = "";
			targets = (
				37187F691CE3A2B000B5AA1E /* Choose-Lunch */,
				37187F7D1CE3A2B000B5AA1E /* Choose-LunchTests */,
			);
		};
/* End PBXProject section */

/* Begin PBXResourcesBuildPhase section */
		37187F681CE3A2B000B5AA1E /* Resources */ = {
			isa = PBXResourcesBuildPhase;
			buildActionMask = 2147483647;
			files = (
				37187F781CE3A2B000B5AA1E /* LaunchScreen.storyboard in Resources */,
				37187F751CE3A2B000B5AA1E /* Assets.xcassets in Resources */,
				37187F731CE3A2B000B5AA1E /* Main.storyboard in Resources */,
			);
			runOnlyForDeploymentPostprocessing = 0;
		};
		37187F7C1CE3A2B000B5AA1E /* Resources */ = {
			isa = PBXResourcesBuildPhase;
			buildActionMask = 2147483647;
			files = (
			);
			runOnlyForDeploymentPostprocessing = 0;
		};
/* End PBXResourcesBuildPhase section */

/* Begin PBXSourcesBuildPhase section */
		37187F661CE3A2B000B5AA1E /* Sources */ = {
			isa = PBXSourcesBuildPhase;
			buildActionMask = 2147483647;
			files = (
				37187F701CE3A2B000B5AA1E /* ViewController.swift in Sources */,
				37187F6E1CE3A2B000B5AA1E /* AppDelegate.swift in Sources */,
			);
			runOnlyForDeploymentPostprocessing = 0;
		};
		37187F7A1CE3A2B000B5AA1E /* Sources */ = {
			isa = PBXSourcesBuildPhase;
			buildActionMask = 2147483647;
			files = (
				37187F831CE3A2B000B5AA1E /* Choose_LunchTests.swift in Sources */,
			);
			runOnlyForDeploymentPostprocessing = 0;
		};
/* End PBXSourcesBuildPhase section */

/* Begin PBXTargetDependency section */
		37187F801CE3A2B000B5AA1E /* PBXTargetDependency */ = {
			isa = PBXTargetDependency;
			target = 37187F691CE3A2B000B5AA1E /* Choose-Lunch */;
			targetProxy = 37187F7F1CE3A2B000B5AA1E /* PBXContainerItemProxy */;
		};
/* End PBXTargetDependency section */

/* Begin PBXVariantGroup section */
		37187F711CE3A2B000B5AA1E /* Main.storyboard */ = {
			isa = PBXVariantGroup;
			children = (
				37187F721CE3A2B000B5AA1E /* Base */,
			);
			name = Main.storyboard;
			sourceTree = "<group>";
		};
		37187F761CE3A2B000B5AA1E /* LaunchScreen.storyboard */ = {
			isa = PBXVariantGroup;
			children = (
				37187F771CE3A2B000B5AA1E /* Base */,
			);
			name = LaunchScreen.storyboard;
			sourceTree = "<group>";
		};
/* End PBXVariantGroup section */

/* Begin XCBuildConfiguration section */
		37187F851CE3A2B000B5AA1E /* Debug */ = {
			isa = XCBuildConfiguration;
			buildSettings = {
				ALWAYS_SEARCH_USER_PATHS = NO;
				CLANG_ANALYZER_NONNULL = YES;
				CLANG_CXX_LANGUAGE_STANDARD = "gnu++0x";
				CLANG_CXX_LIBRARY = "libc++";
				CLANG_ENABLE_MODULES = YES;
				CLANG_ENABLE_OBJC_ARC = YES;
				CLANG_WARN_BOOL_CONVERSION = YES;
				CLANG_WARN_CONSTANT_CONVERSION = YES;
				CLANG_WARN_DIRECT_OBJC_ISA_USAGE = YES_ERROR;
				CLANG_WARN_EMPTY_BODY = YES;
				CLANG_WARN_ENUM_CONVERSION = YES;
				CLANG_WARN_INT_CONVERSION = YES;
				CLANG_WARN_OBJC_ROOT_CLASS = YES_ERROR;
				CLANG_WARN_UNREACHABLE_CODE = YES;
				CLANG_WARN__DUPLICATE_METHOD_MATCH = YES;
				"CODE_SIGN_IDENTITY[sdk=iphoneos*]" = "iPhone Developer";
				COPY_PHASE_STRIP = NO;
				DEBUG_INFORMATION_FORMAT = dwarf;
				ENABLE_STRICT_OBJC_MSGSEND = YES;
				ENABLE_TESTABILITY = YES;
				GCC_C_LANGUAGE_STANDARD = gnu99;
				GCC_DYNAMIC_NO_PIC = NO;
				GCC_NO_COMMON_BLOCKS = YES;
				GCC_OPTIMIZATION_LEVEL = 0;
				GCC_PREPROCESSOR_DEFINITIONS = (
					"DEBUG=1",
					"$(inherited)",
				);
				GCC_WARN_64_TO_32_BIT_CONVERSION = YES;
				GCC_WARN_ABOUT_RETURN_TYPE = YES_ERROR;
				GCC_WARN_UNDECLARED_SELECTOR = YES;
				GCC_WARN_UNINITIALIZED_AUTOS = YES_AGGRESSIVE;
				GCC_WARN_UNUSED_FUNCTION = YES;
				GCC_WARN_UNUSED_VARIABLE = YES;
				IPHONEOS_DEPLOYMENT_TARGET = 9.3;
				MTL_ENABLE_DEBUG_INFO = YES;
				ONLY_ACTIVE_ARCH = YES;
				SDKROOT = iphoneos;
				SWIFT_OPTIMIZATION_LEVEL = "-Onone";
			};
			name = Debug;
		};
		37187F861CE3A2B000B5AA1E /* Release */ = {
			isa = XCBuildConfiguration;
			buildSettings = {
				ALWAYS_SEARCH_USER_PATHS = NO;
				CLANG_ANALYZER_NONNULL = YES;
				CLANG_CXX_LANGUAGE_STANDARD = "gnu++0x";
				CLANG_CXX_LIBRARY = "libc++";
				CLANG_ENABLE_MODULES = YES;
				CLANG_ENABLE_OBJC_ARC = YES;
				CLANG_WARN_BOOL_CONVERSION = YES;
				CLANG_WARN_CONSTANT_CONVERSION = YES;
				CLANG_WARN_DIRECT_OBJC_ISA_USAGE = YES_ERROR;
				CLANG_WARN_EMPTY_BODY = YES;
				CLANG_WARN_ENUM_CONVERSION = YES;
				CLANG_WARN_INT_CONVERSION = YES;
				CLANG_WARN_OBJC_ROOT_CLASS = YES_ERROR;
				CLANG_WARN_UNREACHABLE_CODE = YES;
				CLANG_WARN__DUPLICATE_METHOD_MATCH = YES;
				"CODE_SIGN_IDENTITY[sdk=iphoneos*]" = "iPhone Developer";
				COPY_PHASE_STRIP = NO;
				DEBUG_INFORMATION_FORMAT = "dwarf-with-dsym";
				ENABLE_NS_ASSERTIONS = NO;
				ENABLE_STRICT_OBJC_MSGSEND = YES;
				GCC_C_LANGUAGE_STANDARD = gnu99;
				GCC_NO_COMMON_BLOCKS = YES;
				GCC_WARN_64_TO_32_BIT_CONVERSION = YES;
				GCC_WARN_ABOUT_RETURN_TYPE = YES_ERROR;
				GCC_WARN_UNDECLARED_SELECTOR = YES;
				GCC_WARN_UNINITIALIZED_AUTOS = YES_AGGRESSIVE;
				GCC_WARN_UNUSED_FUNCTION = YES;
				GCC_WARN_UNUSED_VARIABLE = YES;
				IPHONEOS_DEPLOYMENT_TARGET = 9.3;
				MTL_ENABLE_DEBUG_INFO = NO;
				SDKROOT = iphoneos;
				VALIDATE_PRODUCT = YES;
			};
			name = Release;
		};
		37187F881CE3A2B000B5AA1E /* Debug */ = {
			isa = XCBuildConfiguration;
			buildSettings = {
				ASSETCATALOG_COMPILER_APPICON_NAME = AppIcon;
				CODE_SIGN_IDENTITY = "iPhone Developer";
				"CODE_SIGN_IDENTITY[sdk=iphoneos*]" = "iPhone Developer";
				INFOPLIST_FILE = "Choose-Lunch/Info.plist";
				LD_RUNPATH_SEARCH_PATHS = "$(inherited) @executable_path/Frameworks";
				PRODUCT_BUNDLE_IDENTIFIER = "org.jhaughton.Choose-Lunch";
				PRODUCT_NAME = "$(TARGET_NAME)";
				PROVISIONING_PROFILE = "";
			};
			name = Debug;
		};
		37187F891CE3A2B000B5AA1E /* Release */ = {
			isa = XCBuildConfiguration;
			buildSettings = {
				ASSETCATALOG_COMPILER_APPICON_NAME = AppIcon;
				CODE_SIGN_IDENTITY = "iPhone Developer";
				"CODE_SIGN_IDENTITY[sdk=iphoneos*]" = "iPhone Developer";
				INFOPLIST_FILE = "Choose-Lunch/Info.plist";
				LD_RUNPATH_SEARCH_PATHS = "$(inherited) @executable_path/Frameworks";
				PRODUCT_BUNDLE_IDENTIFIER = "org.jhaughton.Choose-Lunch";
				PRODUCT_NAME = "$(TARGET_NAME)";
				PROVISIONING_PROFILE = "";
			};
			name = Release;
		};
		37187F8B1CE3A2B000B5AA1E /* Debug */ = {
			isa = XCBuildConfiguration;
			buildSettings = {
				BUNDLE_LOADER = "$(TEST_HOST)";
				INFOPLIST_FILE = "Choose-LunchTests/Info.plist";
				LD_RUNPATH_SEARCH_PATHS = "$(inherited) @executable_path/Frameworks @loader_path/Frameworks";
				PRODUCT_BUNDLE_IDENTIFIER = "org.jhaughton.Choose-LunchTests";
				PRODUCT_NAME = "$(TARGET_NAME)";
				TEST_HOST = "$(BUILT_PRODUCTS_DIR)/Choose-Lunch.app/Choose-Lunch";
			};
			name = Debug;
		};
		37187F8C1CE3A2B000B5AA1E /* Release */ = {
			isa = XCBuildConfiguration;
			buildSettings = {
				BUNDLE_LOADER = "$(TEST_HOST)";
				INFOPLIST_FILE = "Choose-LunchTests/Info.plist";
				LD_RUNPATH_SEARCH_PATHS = "$(inherited) @executable_path/Frameworks @loader_path/Frameworks";
				PRODUCT_BUNDLE_IDENTIFIER = "org.jhaughton.Choose-LunchTests";
				PRODUCT_NAME = "$(TARGET_NAME)";
				TEST_HOST = "$(BUILT_PRODUCTS_DIR)/Choose-Lunch.app/Choose-Lunch";
			};
			name = Release;
		};
/* End XCBuildConfiguration section */

/* Begin XCConfigurationList section */
		37187F651CE3A2B000B5AA1E /* Build configuration list for PBXProject "Choose-Lunch" */ = {
			isa = XCConfigurationList;
			buildConfigurations = (
				37187F851CE3A2B000B5AA1E /* Debug */,
				37187F861CE3A2B000B5AA1E /* Release */,
			);
			defaultConfigurationIsVisible = 0;
			defaultConfigurationName = Release;
		};
		37187F871CE3A2B000B5AA1E /* Build configuration list for PBXNativeTarget "Choose-Lunch" */ = {
			isa = XCConfigurationList;
			buildConfigurations = (
				37187F881CE3A2B000B5AA1E /* Debug */,
				37187F891CE3A2B000B5AA1E /* Release */,
			);
			defaultConfigurationIsVisible = 0;
			defaultConfigurationName = Release;
		};
		37187F8A1CE3A2B000B5AA1E /* Build configuration list for PBXNativeTarget "Choose-LunchTests" */ = {
			isa = XCConfigurationList;
			buildConfigurations = (
				37187F8B1CE3A2B000B5AA1E /* Debug */,
				37187F8C1CE3A2B000B5AA1E /* Release */,
			);
			defaultConfigurationIsVisible = 0;
			defaultConfigurationName = Release;
		};
/* End XCConfigurationList section */
	};
	rootObject = 37187F621CE3A2B000B5AA1E /* Project object */;
}
